// !$*UTF8*$!
{
	archiveVersion = 1;
	classes = {
	};
	objectVersion = 56;
	objects = {

/* Begin PBXBuildFile section */
		12BA5F242C6CD45300E1DDF2 /* TestBeaconAppApp.swift in Sources */ = {isa = PBXBuildFile; fileRef = 12BA5F232C6CD45300E1DDF2 /* TestBeaconAppApp.swift */; };
		12BA5F262C6CD45300E1DDF2 /* ContentView.swift in Sources */ = {isa = PBXBuildFile; fileRef = 12BA5F252C6CD45300E1DDF2 /* ContentView.swift */; };
		12BA5F282C6CD45500E1DDF2 /* Assets.xcassets in Resources */ = {isa = PBXBuildFile; fileRef = 12BA5F272C6CD45500E1DDF2 /* Assets.xcassets */; };
		12BA5F2B2C6CD45500E1DDF2 /* Preview Assets.xcassets in Resources */ = {isa = PBXBuildFile; fileRef = 12BA5F2A2C6CD45500E1DDF2 /* Preview Assets.xcassets */; };
		12BA5F332C6CDAF700E1DDF2 /* BeaconPeripheralManager.swift in Sources */ = {isa = PBXBuildFile; fileRef = 12BA5F322C6CDAF700E1DDF2 /* BeaconPeripheralManager.swift */; };
		12BA5F372C6DE25100E1DDF2 /* BeaconCentralManager.swift in Sources */ = {isa = PBXBuildFile; fileRef = 12BA5F362C6DE25100E1DDF2 /* BeaconCentralManager.swift */; };
/* End PBXBuildFile section */

/* Begin PBXFileReference section */
		12BA5F202C6CD45300E1DDF2 /* TestBeaconApp.app */ = {isa = PBXFileReference; explicitFileType = wrapper.application; includeInIndex = 0; path = TestBeaconApp.app; sourceTree = BUILT_PRODUCTS_DIR; };
		12BA5F232C6CD45300E1DDF2 /* TestBeaconAppApp.swift */ = {isa = PBXFileReference; lastKnownFileType = sourcecode.swift; path = TestBeaconAppApp.swift; sourceTree = "<group>"; };
		12BA5F252C6CD45300E1DDF2 /* ContentView.swift */ = {isa = PBXFileReference; lastKnownFileType = sourcecode.swift; path = ContentView.swift; sourceTree = "<group>"; };
		12BA5F272C6CD45500E1DDF2 /* Assets.xcassets */ = {isa = PBXFileReference; lastKnownFileType = folder.assetcatalog; path = Assets.xcassets; sourceTree = "<group>"; };
		12BA5F2A2C6CD45500E1DDF2 /* Preview Assets.xcassets */ = {isa = PBXFileReference; lastKnownFileType = folder.assetcatalog; path = "Preview Assets.xcassets"; sourceTree = "<group>"; };
		12BA5F322C6CDAF700E1DDF2 /* BeaconPeripheralManager.swift */ = {isa = PBXFileReference; lastKnownFileType = sourcecode.swift; path = BeaconPeripheralManager.swift; sourceTree = "<group>"; };
		12BA5F362C6DE25100E1DDF2 /* BeaconCentralManager.swift */ = {isa = PBXFileReference; lastKnownFileType = sourcecode.swift; path = BeaconCentralManager.swift; sourceTree = "<group>"; };
/* End PBXFileReference section */

/* Begin PBXFrameworksBuildPhase section */
		12BA5F1D2C6CD45300E1DDF2 /* Frameworks */ = {
			isa = PBXFrameworksBuildPhase;
			buildActionMask = 2147483647;
			files = (
			);
			runOnlyForDeploymentPostprocessing = 0;
		};
/* End PBXFrameworksBuildPhase section */

/* Begin PBXGroup section */
		12BA5F172C6CD45300E1DDF2 = {
			isa = PBXGroup;
			children = (
				12BA5F222C6CD45300E1DDF2 /* TestBeaconApp */,
				12BA5F212C6CD45300E1DDF2 /* Products */,
			);
			sourceTree = "<group>";
		};
		12BA5F212C6CD45300E1DDF2 /* Products */ = {
			isa = PBXGroup;
			children = (
				12BA5F202C6CD45300E1DDF2 /* TestBeaconApp.app */,
			);
			name = Products;
			sourceTree = "<group>";
		};
		12BA5F222C6CD45300E1DDF2 /* TestBeaconApp */ = {
			isa = PBXGroup;
			children = (
				12BA5F232C6CD45300E1DDF2 /* TestBeaconAppApp.swift */,
				12BA5F252C6CD45300E1DDF2 /* ContentView.swift */,
				12BA5F312C6CDAE800E1DDF2 /* Managers */,
				12BA5F272C6CD45500E1DDF2 /* Assets.xcassets */,
				12BA5F292C6CD45500E1DDF2 /* Preview Content */,
			);
			path = TestBeaconApp;
			sourceTree = "<group>";
		};
		12BA5F292C6CD45500E1DDF2 /* Preview Content */ = {
			isa = PBXGroup;
			children = (
				12BA5F2A2C6CD45500E1DDF2 /* Preview Assets.xcassets */,
			);
			path = "Preview Content";
			sourceTree = "<group>";
		};
		12BA5F312C6CDAE800E1DDF2 /* Managers */ = {
			isa = PBXGroup;
			children = (
				12BA5F322C6CDAF700E1DDF2 /* BeaconPeripheralManager.swift */,
				12BA5F362C6DE25100E1DDF2 /* BeaconCentralManager.swift */,
			);
			path = Managers;
			sourceTree = "<group>";
		};
/* End PBXGroup section */

/* Begin PBXNativeTarget section */
		12BA5F1F2C6CD45300E1DDF2 /* TestBeaconApp */ = {
			isa = PBXNativeTarget;
			buildConfigurationList = 12BA5F2E2C6CD45500E1DDF2 /* Build configuration list for PBXNativeTarget "TestBeaconApp" */;
			buildPhases = (
				12BA5F1C2C6CD45300E1DDF2 /* Sources */,
				12BA5F1D2C6CD45300E1DDF2 /* Frameworks */,
				12BA5F1E2C6CD45300E1DDF2 /* Resources */,
			);
			buildRules = (
			);
			dependencies = (
			);
			name = TestBeaconApp;
			productName = TestBeaconApp;
			productReference = 12BA5F202C6CD45300E1DDF2 /* TestBeaconApp.app */;
			productType = "com.apple.product-type.application";
		};
/* End PBXNativeTarget section */

/* Begin PBXProject section */
		12BA5F182C6CD45300E1DDF2 /* Project object */ = {
			isa = PBXProject;
			attributes = {
				BuildIndependentTargetsInParallel = 1;
				LastSwiftUpdateCheck = 1500;
				LastUpgradeCheck = 1500;
				TargetAttributes = {
					12BA5F1F2C6CD45300E1DDF2 = {
						CreatedOnToolsVersion = 15.0.1;
					};
				};
			};
			buildConfigurationList = 12BA5F1B2C6CD45300E1DDF2 /* Build configuration list for PBXProject "TestBeaconApp" */;
			compatibilityVersion = "Xcode 14.0";
			developmentRegion = en;
			hasScannedForEncodings = 0;
			knownRegions = (
				en,
				Base,
			);
			mainGroup = 12BA5F172C6CD45300E1DDF2;
			productRefGroup = 12BA5F212C6CD45300E1DDF2 /* Products */;
			projectDirPath = "";
			projectRoot = "";
			targets = (
				12BA5F1F2C6CD45300E1DDF2 /* TestBeaconApp */,
			);
		};
/* End PBXProject section */

/* Begin PBXResourcesBuildPhase section */
		12BA5F1E2C6CD45300E1DDF2 /* Resources */ = {
			isa = PBXResourcesBuildPhase;
			buildActionMask = 2147483647;
			files = (
				12BA5F2B2C6CD45500E1DDF2 /* Preview Assets.xcassets in Resources */,
				12BA5F282C6CD45500E1DDF2 /* Assets.xcassets in Resources */,
			);
			runOnlyForDeploymentPostprocessing = 0;
		};
/* End PBXResourcesBuildPhase section */

/* Begin PBXSourcesBuildPhase section */
		12BA5F1C2C6CD45300E1DDF2 /* Sources */ = {
			isa = PBXSourcesBuildPhase;
			buildActionMask = 2147483647;
			files = (
				12BA5F332C6CDAF700E1DDF2 /* BeaconPeripheralManager.swift in Sources */,
				12BA5F372C6DE25100E1DDF2 /* BeaconCentralManager.swift in Sources */,
				12BA5F262C6CD45300E1DDF2 /* ContentView.swift in Sources */,
				12BA5F242C6CD45300E1DDF2 /* TestBeaconAppApp.swift in Sources */,
			);
			runOnlyForDeploymentPostprocessing = 0;
		};
/* End PBXSourcesBuildPhase section */

/* Begin XCBuildConfiguration section */
		12BA5F2C2C6CD45500E1DDF2 /* Debug */ = {
			isa = XCBuildConfiguration;
			buildSettings = {
				ALWAYS_SEARCH_USER_PATHS = NO;
				ASSETCATALOG_COMPILER_GENERATE_SWIFT_ASSET_SYMBOL_EXTENSIONS = YES;
				CLANG_ANALYZER_NONNULL = YES;
				CLANG_ANALYZER_NUMBER_OBJECT_CONVERSION = YES_AGGRESSIVE;
				CLANG_CXX_LANGUAGE_STANDARD = "gnu++20";
				CLANG_ENABLE_MODULES = YES;
				CLANG_ENABLE_OBJC_ARC = YES;
				CLANG_ENABLE_OBJC_WEAK = YES;
				CLANG_WARN_BLOCK_CAPTURE_AUTORELEASING = YES;
				CLANG_WARN_BOOL_CONVERSION = YES;
				CLANG_WARN_COMMA = YES;
				CLANG_WARN_CONSTANT_CONVERSION = YES;
				CLANG_WARN_DEPRECATED_OBJC_IMPLEMENTATIONS = YES;
				CLANG_WARN_DIRECT_OBJC_ISA_USAGE = YES_ERROR;
				CLANG_WARN_DOCUMENTATION_COMMENTS = YES;
				CLANG_WARN_EMPTY_BODY = YES;
				CLANG_WARN_ENUM_CONVERSION = YES;
				CLANG_WARN_INFINITE_RECURSION = YES;
				CLANG_WARN_INT_CONVERSION = YES;
				CLANG_WARN_NON_LITERAL_NULL_CONVERSION = YES;
				CLANG_WARN_OBJC_IMPLICIT_RETAIN_SELF = YES;
				CLANG_WARN_OBJC_LITERAL_CONVERSION = YES;
				CLANG_WARN_OBJC_ROOT_CLASS = YES_ERROR;
				CLANG_WARN_QUOTED_INCLUDE_IN_FRAMEWORK_HEADER = YES;
				CLANG_WARN_RANGE_LOOP_ANALYSIS = YES;
				CLANG_WARN_STRICT_PROTOTYPES = YES;
				CLANG_WARN_SUSPICIOUS_MOVE = YES;
				CLANG_WARN_UNGUARDED_AVAILABILITY = YES_AGGRESSIVE;
				CLANG_WARN_UNREACHABLE_CODE = YES;
				CLANG_WARN__DUPLICATE_METHOD_MATCH = YES;
				COPY_PHASE_STRIP = NO;
				DEBUG_INFORMATION_FORMAT = dwarf;
				ENABLE_STRICT_OBJC_MSGSEND = YES;
				ENABLE_TESTABILITY = YES;
				ENABLE_USER_SCRIPT_SANDBOXING = YES;
				GCC_C_LANGUAGE_STANDARD = gnu17;
				GCC_DYNAMIC_NO_PIC = NO;
				GCC_NO_COMMON_BLOCKS = YES;
				GCC_OPTIMIZATION_LEVEL = 0;
				GCC_PREPROCESSOR_DEFINITIONS = (
					"DEBUG=1",
					"$(inherited)",
				);
				GCC_WARN_64_TO_32_BIT_CONVERSION = YES;
				GCC_WARN_ABOUT_RETURN_TYPE = YES_ERROR;
				GCC_WARN_UNDECLARED_SELECTOR = YES;
				GCC_WARN_UNINITIALIZED_AUTOS = YES_AGGRESSIVE;
				GCC_WARN_UNUSED_FUNCTION = YES;
				GCC_WARN_UNUSED_VARIABLE = YES;
				IPHONEOS_DEPLOYMENT_TARGET = 17.0;
				LOCALIZATION_PREFERS_STRING_CATALOGS = YES;
				MTL_ENABLE_DEBUG_INFO = INCLUDE_SOURCE;
				MTL_FAST_MATH = YES;
				ONLY_ACTIVE_ARCH = YES;
				SDKROOT = iphoneos;
				SWIFT_ACTIVE_COMPILATION_CONDITIONS = "DEBUG $(inherited)";
				SWIFT_OPTIMIZATION_LEVEL = "-Onone";
			};
			name = Debug;
		};
		12BA5F2D2C6CD45500E1DDF2 /* Release */ = {
			isa = XCBuildConfiguration;
			buildSettings = {
				ALWAYS_SEARCH_USER_PATHS = NO;
				ASSETCATALOG_COMPILER_GENERATE_SWIFT_ASSET_SYMBOL_EXTENSIONS = YES;
				CLANG_ANALYZER_NONNULL = YES;
				CLANG_ANALYZER_NUMBER_OBJECT_CONVERSION = YES_AGGRESSIVE;
				CLANG_CXX_LANGUAGE_STANDARD = "gnu++20";
				CLANG_ENABLE_MODULES = YES;
				CLANG_ENABLE_OBJC_ARC = YES;
				CLANG_ENABLE_OBJC_WEAK = YES;
				CLANG_WARN_BLOCK_CAPTURE_AUTORELEASING = YES;
				CLANG_WARN_BOOL_CONVERSION = YES;
				CLANG_WARN_COMMA = YES;
				CLANG_WARN_CONSTANT_CONVERSION = YES;
				CLANG_WARN_DEPRECATED_OBJC_IMPLEMENTATIONS = YES;
				CLANG_WARN_DIRECT_OBJC_ISA_USAGE = YES_ERROR;
				CLANG_WARN_DOCUMENTATION_COMMENTS = YES;
				CLANG_WARN_EMPTY_BODY = YES;
				CLANG_WARN_ENUM_CONVERSION = YES;
				CLANG_WARN_INFINITE_RECURSION = YES;
				CLANG_WARN_INT_CONVERSION = YES;
				CLANG_WARN_NON_LITERAL_NULL_CONVERSION = YES;
				CLANG_WARN_OBJC_IMPLICIT_RETAIN_SELF = YES;
				CLANG_WARN_OBJC_LITERAL_CONVERSION = YES;
				CLANG_WARN_OBJC_ROOT_CLASS = YES_ERROR;
				CLANG_WARN_QUOTED_INCLUDE_IN_FRAMEWORK_HEADER = YES;
				CLANG_WARN_RANGE_LOOP_ANALYSIS = YES;
				CLANG_WARN_STRICT_PROTOTYPES = YES;
				CLANG_WARN_SUSPICIOUS_MOVE = YES;
				CLANG_WARN_UNGUARDED_AVAILABILITY = YES_AGGRESSIVE;
				CLANG_WARN_UNREACHABLE_CODE = YES;
				CLANG_WARN__DUPLICATE_METHOD_MATCH = YES;
				COPY_PHASE_STRIP = NO;
				DEBUG_INFORMATION_FORMAT = "dwarf-with-dsym";
				ENABLE_NS_ASSERTIONS = NO;
				ENABLE_STRICT_OBJC_MSGSEND = YES;
				ENABLE_USER_SCRIPT_SANDBOXING = YES;
				GCC_C_LANGUAGE_STANDARD = gnu17;
				GCC_NO_COMMON_BLOCKS = YES;
				GCC_WARN_64_TO_32_BIT_CONVERSION = YES;
				GCC_WARN_ABOUT_RETURN_TYPE = YES_ERROR;
				GCC_WARN_UNDECLARED_SELECTOR = YES;
				GCC_WARN_UNINITIALIZED_AUTOS = YES_AGGRESSIVE;
				GCC_WARN_UNUSED_FUNCTION = YES;
				GCC_WARN_UNUSED_VARIABLE = YES;
				IPHONEOS_DEPLOYMENT_TARGET = 17.0;
				LOCALIZATION_PREFERS_STRING_CATALOGS = YES;
				MTL_ENABLE_DEBUG_INFO = NO;
				MTL_FAST_MATH = YES;
				SDKROOT = iphoneos;
				SWIFT_COMPILATION_MODE = wholemodule;
				VALIDATE_PRODUCT = YES;
			};
			name = Release;
		};
		12BA5F2F2C6CD45500E1DDF2 /* Debug */ = {
			isa = XCBuildConfiguration;
			buildSettings = {
				ASSETCATALOG_COMPILER_APPICON_NAME = AppIcon;
				ASSETCATALOG_COMPILER_GLOBAL_ACCENT_COLOR_NAME = AccentColor;
				CODE_SIGN_STYLE = Automatic;
				CURRENT_PROJECT_VERSION = 1;
				DEVELOPMENT_ASSET_PATHS = "\"TestBeaconApp/Preview Content\"";
				DEVELOPMENT_TEAM = CGD79LB65H;
				ENABLE_PREVIEWS = YES;
				GENERATE_INFOPLIST_FILE = YES;
				INFOPLIST_KEY_NSBluetoothAlwaysUsageDescription = "Beaconを検出するために位置情報を使用します。";
				INFOPLIST_KEY_NSBluetoothPeripheralUsageDescription = "Beaconを検出するために位置情報を使用します。";
				INFOPLIST_KEY_NSLocationAlwaysUsageDescription = "Beaconを検出するために位置情報を使用します。";
				INFOPLIST_KEY_NSLocationWhenInUseUsageDescription = "Beaconを検出するために位置情報を使用します。";
				INFOPLIST_KEY_UIApplicationSceneManifest_Generation = YES;
				INFOPLIST_KEY_UIApplicationSupportsIndirectInputEvents = YES;
				INFOPLIST_KEY_UILaunchScreen_Generation = YES;
				INFOPLIST_KEY_UISupportedInterfaceOrientations_iPad = "UIInterfaceOrientationPortrait UIInterfaceOrientationPortraitUpsideDown UIInterfaceOrientationLandscapeLeft UIInterfaceOrientationLandscapeRight";
				INFOPLIST_KEY_UISupportedInterfaceOrientations_iPhone = "UIInterfaceOrientationPortrait UIInterfaceOrientationLandscapeLeft UIInterfaceOrientationLandscapeRight";
				LD_RUNPATH_SEARCH_PATHS = (
					"$(inherited)",
					"@executable_path/Frameworks",
				);
				MARKETING_VERSION = 1.0;
				PRODUCT_BUNDLE_IDENTIFIER = com.ame.TestBeaconApp;
				PRODUCT_NAME = "$(TARGET_NAME)";
				SWIFT_EMIT_LOC_STRINGS = YES;
				SWIFT_VERSION = 5.0;
				TARGETED_DEVICE_FAMILY = "1,2";
			};
			name = Debug;
		};
		12BA5F302C6CD45500E1DDF2 /* Release */ = {
			isa = XCBuildConfiguration;
			buildSettings = {
				ASSETCATALOG_COMPILER_APPICON_NAME = AppIcon;
				ASSETCATALOG_COMPILER_GLOBAL_ACCENT_COLOR_NAME = AccentColor;
				CODE_SIGN_STYLE = Automatic;
				CURRENT_PROJECT_VERSION = 1;
				DEVELOPMENT_ASSET_PATHS = "\"TestBeaconApp/Preview Content\"";
				DEVELOPMENT_TEAM = CGD79LB65H;
				ENABLE_PREVIEWS = YES;
				GENERATE_INFOPLIST_FILE = YES;
				INFOPLIST_KEY_NSBluetoothAlwaysUsageDescription = "Beaconを検出するために位置情報を使用します。";
				INFOPLIST_KEY_NSBluetoothPeripheralUsageDescription = "Beaconを検出するために位置情報を使用します。";
				INFOPLIST_KEY_NSLocationAlwaysUsageDescription = "Beaconを検出するために位置情報を使用します。";
				INFOPLIST_KEY_NSLocationWhenInUseUsageDescription = "Beaconを検出するために位置情報を使用します。";
				INFOPLIST_KEY_UIApplicationSceneManifest_Generation = YES;
				INFOPLIST_KEY_UIApplicationSupportsIndirectInputEvents = YES;
				INFOPLIST_KEY_UILaunchScreen_Generation = YES;
				INFOPLIST_KEY_UISupportedInterfaceOrientations_iPad = "UIInterfaceOrientationPortrait UIInterfaceOrientationPortraitUpsideDown UIInterfaceOrientationLandscapeLeft UIInterfaceOrientationLandscapeRight";
				INFOPLIST_KEY_UISupportedInterfaceOrientations_iPhone = "UIInterfaceOrientationPortrait UIInterfaceOrientationLandscapeLeft UIInterfaceOrientationLandscapeRight";
				LD_RUNPATH_SEARCH_PATHS = (
					"$(inherited)",
					"@executable_path/Frameworks",
				);
				MARKETING_VERSION = 1.0;
				PRODUCT_BUNDLE_IDENTIFIER = com.ame.TestBeaconApp;
				PRODUCT_NAME = "$(TARGET_NAME)";
				SWIFT_EMIT_LOC_STRINGS = YES;
				SWIFT_VERSION = 5.0;
				TARGETED_DEVICE_FAMILY = "1,2";
			};
			name = Release;
		};
/* End XCBuildConfiguration section */

/* Begin XCConfigurationList section */
		12BA5F1B2C6CD45300E1DDF2 /* Build configuration list for PBXProject "TestBeaconApp" */ = {
			isa = XCConfigurationList;
			buildConfigurations = (
				12BA5F2C2C6CD45500E1DDF2 /* Debug */,
				12BA5F2D2C6CD45500E1DDF2 /* Release */,
			);
			defaultConfigurationIsVisible = 0;
			defaultConfigurationName = Release;
		};
		12BA5F2E2C6CD45500E1DDF2 /* Build configuration list for PBXNativeTarget "TestBeaconApp" */ = {
			isa = XCConfigurationList;
			buildConfigurations = (
				12BA5F2F2C6CD45500E1DDF2 /* Debug */,
				12BA5F302C6CD45500E1DDF2 /* Release */,
			);
			defaultConfigurationIsVisible = 0;
			defaultConfigurationName = Release;
		};
/* End XCConfigurationList section */
	};
	rootObject = 12BA5F182C6CD45300E1DDF2 /* Project object */;
}
